
Microsoft Visual Studio Solution File, Format Version 12.00
# Visual Studio Version 17
VisualStudioVersion = 17.11.35327.3
MinimumVisualStudioVersion = 10.0.40219.1
Project("{FAE04EC0-301F-11D3-BF4B-00C04F79EFBC}") = "PoliformOOP", "PoliformOOP\PoliformOOP.csproj", "{95EECCCA-CFCE-40A8-81EC-1535D906FD0B}"
EndProject
Project("{FAE04EC0-301F-11D3-BF4B-00C04F79EFBC}") = "Gettersetter", "Gettersetter\Gettersetter.csproj", "{6F9099E3-FA12-40F3-881F-748B18DC507C}"
EndProject
Project("{9A19103F-16F7-4668-BE54-9A1E7A4F7556}") = "Lepesfelbutton", "Lepesfelbutton\Lepesfelbutton.csproj", "{E43B4AD6-6745-457A-A240-C962B6BA90ED}"
EndProject
Project("{9A19103F-16F7-4668-BE54-9A1E7A4F7556}") = "Textalign", "Textalign\Textalign.csproj", "{BAFF7B32-B0E2-4C31-AB50-893D0A296BC5}"
EndProject
Project("{FAE04EC0-301F-11D3-BF4B-00C04F79EFBC}") = "19.4.FormMozg", "..\..\..\Downloads\19.04.FormMozg\19.4.FormMozg.csproj", "{DFA23F8C-D32C-4849-9C2C-A2D3AC46A6AD}"
EndProject
Project("{9A19103F-16F7-4668-BE54-9A1E7A4F7556}") = "ConsoleApp1", "ConsoleApp1\ConsoleApp1.csproj", "{8EFA37B1-B989-4F37-93C5-A53A28F4180D}"
EndProject
Project("{9A19103F-16F7-4668-BE54-9A1E7A4F7556}") = "WinFormsApp1", "WinFormsApp1\WinFormsApp1.csproj", "{5F0B1E9B-C4F5-4176-AB79-23F475FC766E}"
EndProject
Project("{FAE04EC0-301F-11D3-BF4B-00C04F79EFBC}") = "Halmazok", "Halmazok\Halmazok.csproj", "{178F986F-9B42-42D8-8F3E-BCC2ADD14309}"
EndProject
Global
	GlobalSection(SolutionConfigurationPlatforms) = preSolution
		Debug|Any CPU = Debug|Any CPU
		Release|Any CPU = Release|Any CPU
	EndGlobalSection
	GlobalSection(ProjectConfigurationPlatforms) = postSolution
		{95EECCCA-CFCE-40A8-81EC-1535D906FD0B}.Debug|Any CPU.ActiveCfg = Debug|Any CPU
		{95EECCCA-CFCE-40A8-81EC-1535D906FD0B}.Debug|Any CPU.Build.0 = Debug|Any CPU
		{95EECCCA-CFCE-40A8-81EC-1535D906FD0B}.Release|Any CPU.ActiveCfg = Release|Any CPU
		{95EECCCA-CFCE-40A8-81EC-1535D906FD0B}.Release|Any CPU.Build.0 = Release|Any CPU
		{6F9099E3-FA12-40F3-881F-748B18DC507C}.Debug|Any CPU.ActiveCfg = Debug|Any CPU
		{6F9099E3-FA12-40F3-881F-748B18DC507C}.Debug|Any CPU.Build.0 = Debug|Any CPU
		{6F9099E3-FA12-40F3-881F-748B18DC507C}.Release|Any CPU.ActiveCfg = Release|Any CPU
		{6F9099E3-FA12-40F3-881F-748B18DC507C}.Release|Any CPU.Build.0 = Release|Any CPU
		{E43B4AD6-6745-457A-A240-C962B6BA90ED}.Debug|Any CPU.ActiveCfg = Debug|Any CPU
		{E43B4AD6-6745-457A-A240-C962B6BA90ED}.Debug|Any CPU.Build.0 = Debug|Any CPU
		{E43B4AD6-6745-457A-A240-C962B6BA90ED}.Release|Any CPU.ActiveCfg = Release|Any CPU
		{E43B4AD6-6745-457A-A240-C962B6BA90ED}.Release|Any CPU.Build.0 = Release|Any CPU
		{BAFF7B32-B0E2-4C31-AB50-893D0A296BC5}.Debug|Any CPU.ActiveCfg = Debug|Any CPU
		{BAFF7B32-B0E2-4C31-AB50-893D0A296BC5}.Debug|Any CPU.Build.0 = Debug|Any CPU
		{BAFF7B32-B0E2-4C31-AB50-893D0A296BC5}.Release|Any CPU.ActiveCfg = Release|Any CPU
		{BAFF7B32-B0E2-4C31-AB50-893D0A296BC5}.Release|Any CPU.Build.0 = Release|Any CPU
		{DFA23F8C-D32C-4849-9C2C-A2D3AC46A6AD}.Debug|Any CPU.ActiveCfg = Debug|Any CPU
		{DFA23F8C-D32C-4849-9C2C-A2D3AC46A6AD}.Debug|Any CPU.Build.0 = Debug|Any CPU
		{DFA23F8C-D32C-4849-9C2C-A2D3AC46A6AD}.Release|Any CPU.ActiveCfg = Release|Any CPU
		{DFA23F8C-D32C-4849-9C2C-A2D3AC46A6AD}.Release|Any CPU.Build.0 = Release|Any CPU
		{8EFA37B1-B989-4F37-93C5-A53A28F4180D}.Debug|Any CPU.ActiveCfg = Debug|Any CPU
		{8EFA37B1-B989-4F37-93C5-A53A28F4180D}.Debug|Any CPU.Build.0 = Debug|Any CPU
		{8EFA37B1-B989-4F37-93C5-A53A28F4180D}.Release|Any CPU.ActiveCfg = Release|Any CPU
		{8EFA37B1-B989-4F37-93C5-A53A28F4180D}.Release|Any CPU.Build.0 = Release|Any CPU
		{5F0B1E9B-C4F5-4176-AB79-23F475FC766E}.Debug|Any CPU.ActiveCfg = Debug|Any CPU
		{5F0B1E9B-C4F5-4176-AB79-23F475FC766E}.Debug|Any CPU.Build.0 = Debug|Any CPU
		{5F0B1E9B-C4F5-4176-AB79-23F475FC766E}.Release|Any CPU.ActiveCfg = Release|Any CPU
		{5F0B1E9B-C4F5-4176-AB79-23F475FC766E}.Release|Any CPU.Build.0 = Release|Any CPU
		{178F986F-9B42-42D8-8F3E-BCC2ADD14309}.Debug|Any CPU.ActiveCfg = Debug|Any CPU
		{178F986F-9B42-42D8-8F3E-BCC2ADD14309}.Debug|Any CPU.Build.0 = Debug|Any CPU
		{178F986F-9B42-42D8-8F3E-BCC2ADD14309}.Release|Any CPU.ActiveCfg = Release|Any CPU
		{178F986F-9B42-42D8-8F3E-BCC2ADD14309}.Release|Any CPU.Build.0 = Release|Any CPU
	EndGlobalSection
	GlobalSection(SolutionProperties) = preSolution
		HideSolutionNode = FALSE
	EndGlobalSection
	GlobalSection(ExtensibilityGlobals) = postSolution
		SolutionGuid = {855C1B99-945E-435C-8CBA-A33F7163A3AC}
	EndGlobalSection
EndGlobal
