
Microsoft Visual Studio Solution File, Format Version 12.00
# Visual Studio Version 17
VisualStudioVersion = 17.11.35327.3
MinimumVisualStudioVersion = 10.0.40219.1
Project("{FAE04EC0-301F-11D3-BF4B-00C04F79EFBC}") = "PoliformOOP", "PoliformOOP\PoliformOOP.csproj", "{95EECCCA-CFCE-40A8-81EC-1535D906FD0B}"
EndProject
Project("{FAE04EC0-301F-11D3-BF4B-00C04F79EFBC}") = "Gettersetter", "Gettersetter\Gettersetter.csproj", "{6F9099E3-FA12-40F3-881F-748B18DC507C}"
EndProject
Project("{FAE04EC0-301F-11D3-BF4B-00C04F79EFBC}") = "Lepesfelbutton", "Lepesfelbutton\Lepesfelbutton.csproj", "{E43B4AD6-6745-457A-A240-C962B6BA90ED}"
EndProject
Project("{FAE04EC0-301F-11D3-BF4B-00C04F79EFBC}") = "Textalign", "Textalign\Textalign.csproj", "{BAFF7B32-B0E2-4C31-AB50-893D0A296BC5}"
EndProject
Global
	GlobalSection(SolutionConfigurationPlatforms) = preSolution
		Debug|Any CPU = Debug|Any CPU
		Release|Any CPU = Release|Any CPU
	EndGlobalSection
	GlobalSection(ProjectConfigurationPlatforms) = postSolution
		{95EECCCA-CFCE-40A8-81EC-1535D906FD0B}.Debug|Any CPU.ActiveCfg = Debug|Any CPU
		{95EECCCA-CFCE-40A8-81EC-1535D906FD0B}.Debug|Any CPU.Build.0 = Debug|Any CPU
		{95EECCCA-CFCE-40A8-81EC-1535D906FD0B}.Release|Any CPU.ActiveCfg = Release|Any CPU
		{95EECCCA-CFCE-40A8-81EC-1535D906FD0B}.Release|Any CPU.Build.0 = Release|Any CPU
		{6F9099E3-FA12-40F3-881F-748B18DC507C}.Debug|Any CPU.ActiveCfg = Debug|Any CPU
		{6F9099E3-FA12-40F3-881F-748B18DC507C}.Debug|Any CPU.Build.0 = Debug|Any CPU
		{6F9099E3-FA12-40F3-881F-748B18DC507C}.Release|Any CPU.ActiveCfg = Release|Any CPU
		{6F9099E3-FA12-40F3-881F-748B18DC507C}.Release|Any CPU.Build.0 = Release|Any CPU
		{E43B4AD6-6745-457A-A240-C962B6BA90ED}.Debug|Any CPU.ActiveCfg = Debug|Any CPU
		{E43B4AD6-6745-457A-A240-C962B6BA90ED}.Debug|Any CPU.Build.0 = Debug|Any CPU
		{E43B4AD6-6745-457A-A240-C962B6BA90ED}.Release|Any CPU.ActiveCfg = Release|Any CPU
		{E43B4AD6-6745-457A-A240-C962B6BA90ED}.Release|Any CPU.Build.0 = Release|Any CPU
		{BAFF7B32-B0E2-4C31-AB50-893D0A296BC5}.Debug|Any CPU.ActiveCfg = Debug|Any CPU
		{BAFF7B32-B0E2-4C31-AB50-893D0A296BC5}.Debug|Any CPU.Build.0 = Debug|Any CPU
		{BAFF7B32-B0E2-4C31-AB50-893D0A296BC5}.Release|Any CPU.ActiveCfg = Release|Any CPU
		{BAFF7B32-B0E2-4C31-AB50-893D0A296BC5}.Release|Any CPU.Build.0 = Release|Any CPU
	EndGlobalSection
	GlobalSection(SolutionProperties) = preSolution
		HideSolutionNode = FALSE
	EndGlobalSection
	GlobalSection(ExtensibilityGlobals) = postSolution
		SolutionGuid = {855C1B99-945E-435C-8CBA-A33F7163A3AC}
	EndGlobalSection
EndGlobal
